PODS:
  - GoogleWebRTC (1.1.24275)

DEPENDENCIES:
  - GoogleWebRTC (= 1.1.24275)

SPEC REPOS:
  https://github.com/cocoapods/specs.git:
    - GoogleWebRTC

SPEC CHECKSUMS:
  GoogleWebRTC: 1fc8026f3b9c0693ab936ff95fc296c9ebdc5f02

PODFILE CHECKSUM: fb6c1c9eb1b44cadaf316dbdf7b323e731542a16

COCOAPODS: 1.5.3
