PODS:
  - GoogleWebRTC (1.1.24907)

DEPENDENCIES:
  - GoogleWebRTC (= 1.1.24907)

SPEC REPOS:
  https://github.com/cocoapods/specs.git:
    - GoogleWebRTC

SPEC CHECKSUMS:
  GoogleWebRTC: 2e85588951ac1cf8cb82be59fc7b0b10d8182e86

PODFILE CHECKSUM: dca699de4382c2ad72d80a31cd24dc41d787e841

COCOAPODS: 1.5.3
